
Microsoft Visual Studio Solution File, Format Version 12.00
# Visual Studio Version 17
VisualStudioVersion = 17.2.32516.85
MinimumVisualStudioVersion = 10.0.40219.1
Project("{FAE04EC0-301F-11D3-BF4B-00C04F79EFBC}") = "Flightcontroller Client", "Flightcontroller Client\Flightcontroller Client.csproj", "{6466EB5C-3D7E-48CF-9E8F-E3AB51BCA32A}"
EndProject
Global
	GlobalSection(SolutionConfigurationPlatforms) = preSolution
		Debug|Any CPU = Debug|Any CPU
		Release|Any CPU = Release|Any CPU
	EndGlobalSection
	GlobalSection(ProjectConfigurationPlatforms) = postSolution
		{6466EB5C-3D7E-48CF-9E8F-E3AB51BCA32A}.Debug|Any CPU.ActiveCfg = Debug|Any CPU
		{6466EB5C-3D7E-48CF-9E8F-E3AB51BCA32A}.Debug|Any CPU.Build.0 = Debug|Any CPU
		{6466EB5C-3D7E-48CF-9E8F-E3AB51BCA32A}.Release|Any CPU.ActiveCfg = Release|Any CPU
		{6466EB5C-3D7E-48CF-9E8F-E3AB51BCA32A}.Release|Any CPU.Build.0 = Release|Any CPU
	EndGlobalSection
	GlobalSection(SolutionProperties) = preSolution
		HideSolutionNode = FALSE
	EndGlobalSection
	GlobalSection(ExtensibilityGlobals) = postSolution
		SolutionGuid = {E6342EF7-76DB-4690-8E38-DEDDC136BFE4}
	EndGlobalSection
EndGlobal
